
Microsoft Visual Studio Solution File, Format Version 12.00
# Visual Studio Version 17
VisualStudioVersion = 17.4.33205.214
MinimumVisualStudioVersion = 10.0.40219.1
Project("{FAE04EC0-301F-11D3-BF4B-00C04F79EFBC}") = "ASP_CORE_NET_API", "ASP_CORE_NET_API\ASP_CORE_NET_API.csproj", "{24130617-0382-40EF-9D8B-BAC3DB752B87}"
EndProject
Global
	GlobalSection(SolutionConfigurationPlatforms) = preSolution
		Debug|Any CPU = Debug|Any CPU
		Release|Any CPU = Release|Any CPU
	EndGlobalSection
	GlobalSection(ProjectConfigurationPlatforms) = postSolution
		{24130617-0382-40EF-9D8B-BAC3DB752B87}.Debug|Any CPU.ActiveCfg = Debug|Any CPU
		{24130617-0382-40EF-9D8B-BAC3DB752B87}.Debug|Any CPU.Build.0 = Debug|Any CPU
		{24130617-0382-40EF-9D8B-BAC3DB752B87}.Release|Any CPU.ActiveCfg = Release|Any CPU
		{24130617-0382-40EF-9D8B-BAC3DB752B87}.Release|Any CPU.Build.0 = Release|Any CPU
	EndGlobalSection
	GlobalSection(SolutionProperties) = preSolution
		HideSolutionNode = FALSE
	EndGlobalSection
	GlobalSection(ExtensibilityGlobals) = postSolution
		SolutionGuid = {1832A007-8228-4C0E-B63C-8E985EE8B4E6}
	EndGlobalSection
EndGlobal
